{
  "object": {
    "pins": [
      {
        "package": "Datadog",
        "repositoryURL": "https://github.com/DataDog/dd-sdk-ios.git",
        "state": {
          "branch": null,
          "revision": "8d67e973ff4a958cb536263cb816646ee904c508",
          "version": "3.3.0"
        }
      },
      {
        "package": "opentelemetry-swift",
        "repositoryURL": "https://github.com/DataDog/opentelemetry-swift-packages.git",
        "state": {
          "branch": null,
          "revision": "4a7295600d4ebb9525a23c11586c5fdb74ae8b7e",
          "version": "1.13.1"
        }
      },
      {
        "package": "PLCrashReporter",
        "repositoryURL": "https://github.com/microsoft/plcrashreporter.git",
        "state": {
          "branch": null,
          "revision": "0254f941c646b1ed17b243654723d0f071e990d0",
          "version": "1.12.2"
        }
      }
    ]
  },
  "version": 1
}
